# THIS IS AN AUTOGENERATED FILE. DO NOT EDIT THIS FILE DIRECTLY.
# yarn lockfile v1


"@emotion/is-prop-valid@^0.8.2":
  version "0.8.8"
  resolved "https://registry.yarnpkg.com/@emotion/is-prop-valid/-/is-prop-valid-0.8.8.tgz#db28b1c4368a259b60a97311d6a952d4fd01ac1a"
  integrity sha512-u5WtneEAr5IDG2Wv65yhunPSMLIpuKsbuOktRojfrEiEvRyC85LgPMZI63cr7NUqT8ZIGdSVg8ZKGxIug4lXcA==
  dependencies:
    "@emotion/memoize" "0.7.4"

"@emotion/memoize@0.7.4":
  version "0.7.4"
  resolved "https://registry.yarnpkg.com/@emotion/memoize/-/memoize-0.7.4.tgz#19bf0f5af19149111c40d98bb0cf82119f5d9eeb"
  integrity sha512-Ja/Vfqe3HpuzRsG1oBtWTHk2PGZ7GR+2Vz5iYGelAw8dx32K0y7PjVuxK6z1nMpZOqAFsRUPCkK1YjJ56qJlgw==

"@messageformat/core@^3.0.0":
  version "3.0.1"
  resolved "https://registry.yarnpkg.com/@messageformat/core/-/core-3.0.1.tgz#191e12cf9643704d1fd32e592a3fbdc194dd588e"
  integrity sha512-yxj2+0e46hcZqJfNf0ZYbC2q6WlcGoh4g11mCyRtTueR0AD8F9z4JMYAS1aOiFG8Vl1LZg/h5hZHKmWTAyZq8g==
  dependencies:
    "@messageformat/date-skeleton" "^1.0.0"
    "@messageformat/number-skeleton" "^1.0.0"
    "@messageformat/parser" "^5.0.0"
    "@messageformat/runtime" "^3.0.1"
    make-plural "^7.0.0"
    safe-identifier "^0.4.1"

"@messageformat/date-skeleton@^1.0.0":
  version "1.0.1"
  resolved "https://registry.yarnpkg.com/@messageformat/date-skeleton/-/date-skeleton-1.0.1.tgz#980b8babe21a11433b6e1e8f6dc8c4cae4f5f56b"
  integrity sha512-jPXy8fg+WMPIgmGjxSlnGJn68h/2InfT0TNSkVx0IGXgp4ynnvYkbZ51dGWmGySEK+pBiYUttbQdu5XEqX5CRg==

"@messageformat/number-skeleton@^1.0.0":
  version "1.1.0"
  resolved "https://registry.yarnpkg.com/@messageformat/number-skeleton/-/number-skeleton-1.1.0.tgz#eb636738da8abbd35ccbeb84f7d84d63302aeb61"
  integrity sha512-F0Io+GOSvFFxvp9Ze3L5kAoZ2NnOAT0Mr/jpGNd3fqo8A0t4NxNIAcCdggtl2B/gN2ErkIKSBVPrF7xcW1IGvA==

"@messageformat/parser@^5.0.0":
  version "5.0.0"
  resolved "https://registry.yarnpkg.com/@messageformat/parser/-/parser-5.0.0.tgz#5737e69d7d4a469998b527710f1891174fc1b262"
  integrity sha512-WiDKhi8F0zQaFU8cXgqq69eYFarCnTVxKcvhAONufKf0oUxbqLMW6JX6rV4Hqh+BEQWGyKKKHY4g1XA6bCLylA==
  dependencies:
    moo "^0.5.1"

"@messageformat/runtime@^3.0.1":
  version "3.0.1"
  resolved "https://registry.yarnpkg.com/@messageformat/runtime/-/runtime-3.0.1.tgz#94d1f6c43265c28ef7aed98ecfcc0968c6c849ac"
  integrity sha512-6RU5ol2lDtO8bD9Yxe6CZkl0DArdv0qkuoZC+ZwowU+cdRlVE1157wjCmlA5Rsf1Xc/brACnsZa5PZpEDfTFFg==
  dependencies:
    make-plural "^7.0.0"

"@motionone/animation@^10.13.1":
  version "10.15.1"
  resolved "https://registry.yarnpkg.com/@motionone/animation/-/animation-10.15.1.tgz#4a85596c31cbc5100ae8eb8b34c459fb0ccf6807"
  integrity sha512-mZcJxLjHor+bhcPuIFErMDNyrdb2vJur8lSfMCsuCB4UyV8ILZLvK+t+pg56erv8ud9xQGK/1OGPt10agPrCyQ==
  dependencies:
    "@motionone/easing" "^10.15.1"
    "@motionone/types" "^10.15.1"
    "@motionone/utils" "^10.15.1"
    tslib "^2.3.1"

"@motionone/dom@10.13.1":
  version "10.13.1"
  resolved "https://registry.yarnpkg.com/@motionone/dom/-/dom-10.13.1.tgz#fc29ea5d12538f21b211b3168e502cfc07a24882"
  integrity sha512-zjfX+AGMIt/fIqd/SL1Lj93S6AiJsEA3oc5M9VkUr+Gz+juRmYN1vfvZd6MvEkSqEjwPQgcjN7rGZHrDB9APfQ==
  dependencies:
    "@motionone/animation" "^10.13.1"
    "@motionone/generators" "^10.13.1"
    "@motionone/types" "^10.13.0"
    "@motionone/utils" "^10.13.1"
    hey-listen "^1.0.8"
    tslib "^2.3.1"

"@motionone/easing@^10.15.1":
  version "10.15.1"
  resolved "https://registry.yarnpkg.com/@motionone/easing/-/easing-10.15.1.tgz#95cf3adaef34da6deebb83940d8143ede3deb693"
  integrity sha512-6hIHBSV+ZVehf9dcKZLT7p5PEKHGhDwky2k8RKkmOvUoYP3S+dXsKupyZpqx5apjd9f+php4vXk4LuS+ADsrWw==
  dependencies:
    "@motionone/utils" "^10.15.1"
    tslib "^2.3.1"

"@motionone/generators@^10.13.1":
  version "10.15.1"
  resolved "https://registry.yarnpkg.com/@motionone/generators/-/generators-10.15.1.tgz#dc6abb11139d1bafe758a41c134d4c753a9b871c"
  integrity sha512-67HLsvHJbw6cIbLA/o+gsm7h+6D4Sn7AUrB/GPxvujse1cGZ38F5H7DzoH7PhX+sjvtDnt2IhFYF2Zp1QTMKWQ==
  dependencies:
    "@motionone/types" "^10.15.1"
    "@motionone/utils" "^10.15.1"
    tslib "^2.3.1"

"@motionone/types@^10.13.0", "@motionone/types@^10.15.1":
  version "10.15.1"
  resolved "https://registry.yarnpkg.com/@motionone/types/-/types-10.15.1.tgz#89441b54285012795cbba8612cbaa0fa420db3eb"
  integrity sha512-iIUd/EgUsRZGrvW0jqdst8st7zKTzS9EsKkP+6c6n4MPZoQHwiHuVtTQLD6Kp0bsBLhNzKIBlHXponn/SDT4hA==

"@motionone/utils@^10.13.1", "@motionone/utils@^10.15.1":
  version "10.15.1"
  resolved "https://registry.yarnpkg.com/@motionone/utils/-/utils-10.15.1.tgz#6b5f51bde75be88b5411e084310299050368a438"
  integrity sha512-p0YncgU+iklvYr/Dq4NobTRdAPv9PveRDUXabPEeOjBLSO/1FNB2phNTZxOxpi1/GZwYpAoECEa0Wam+nsmhSw==
  dependencies:
    "@motionone/types" "^10.15.1"
    hey-listen "^1.0.8"
    tslib "^2.3.1"

"@next/env@13.0.6":
  version "13.0.6"
  resolved "https://registry.yarnpkg.com/@next/env/-/env-13.0.6.tgz#3fcab11ffbe95bff127827d9f7f3139bc5e6adff"
  integrity sha512-yceT6DCHKqPRS1cAm8DHvDvK74DLIkDQdm5iV+GnIts8h0QbdHvkUIkdOvQoOODgpr6018skbmSQp12z5OWIQQ==

"@next/font@^13.0.6":
  version "13.0.6"
  resolved "https://registry.yarnpkg.com/@next/font/-/font-13.0.6.tgz#078f9929f3bae56c37046ebadd45179c57ed9154"
  integrity sha512-5vxNmvnV0CbYjQGtztD5Axft9C7npKihbQpiFhnDwdb99f9K/QSFfcJqxz0E5QBkf67O2niVGJ5lApJDu78w0w==

"@next/swc-android-arm-eabi@13.0.6":
  version "13.0.6"
  resolved "https://registry.yarnpkg.com/@next/swc-android-arm-eabi/-/swc-android-arm-eabi-13.0.6.tgz#c971e5a3f8aae875ac1d9fdb159b7e126d8d98d5"
  integrity sha512-FGFSj3v2Bluw8fD/X+1eXIEB0PhoJE0zfutsAauRhmNpjjZshLDgoXMWm1jTRL/04K/o9gwwO2+A8+sPVCH1uw==

"@next/swc-android-arm64@13.0.6":
  version "13.0.6"
  resolved "https://registry.yarnpkg.com/@next/swc-android-arm64/-/swc-android-arm64-13.0.6.tgz#ecacae60f1410136cc31f9e1e09e78e624ca2d68"
  integrity sha512-7MgbtU7kimxuovVsd7jSJWMkIHBDBUsNLmmlkrBRHTvgzx5nDBXogP0hzZm7EImdOPwVMPpUHRQMBP9mbsiJYQ==

"@next/swc-darwin-arm64@13.0.6":
  version "13.0.6"
  resolved "https://registry.yarnpkg.com/@next/swc-darwin-arm64/-/swc-darwin-arm64-13.0.6.tgz#266e9e0908024760eba0dfce17edc90ffcba5fdc"
  integrity sha512-AUVEpVTxbP/fxdFsjVI9d5a0CFn6NVV7A/RXOb0Y+pXKIIZ1V5rFjPwpYfIfyOo2lrqgehMNQcyMRoTrhq04xg==

"@next/swc-darwin-x64@13.0.6":
  version "13.0.6"
  resolved "https://registry.yarnpkg.com/@next/swc-darwin-x64/-/swc-darwin-x64-13.0.6.tgz#4be4ca7bc37f9c93d2e38be5ff313873ad758c09"
  integrity sha512-SasCDJlshglsPnbzhWaIF6VEGkQy2NECcAOxPwaPr0cwbbt4aUlZ7QmskNzgolr5eAjFS/xTr7CEeKJtZpAAtQ==

"@next/swc-freebsd-x64@13.0.6":
  version "13.0.6"
  resolved "https://registry.yarnpkg.com/@next/swc-freebsd-x64/-/swc-freebsd-x64-13.0.6.tgz#42eb9043ee65ea5927ba550f4b59827d7064c47b"
  integrity sha512-6Lbxd9gAdXneTkwHyYW/qtX1Tdw7ND9UbiGsGz/SP43ZInNWnW6q0au4hEVPZ9bOWWRKzcVoeTBdoMpQk9Hx9w==

"@next/swc-linux-arm-gnueabihf@13.0.6":
  version "13.0.6"
  resolved "https://registry.yarnpkg.com/@next/swc-linux-arm-gnueabihf/-/swc-linux-arm-gnueabihf-13.0.6.tgz#aab663282b5f15d12bf9de1120175f438a44c924"
  integrity sha512-wNdi5A519e1P+ozEuYOhWPzzE6m1y7mkO6NFwn6watUwO0X9nZs7fT9THmnekvmFQpaZ6U+xf2MQ9poQoCh6jQ==

"@next/swc-linux-arm64-gnu@13.0.6":
  version "13.0.6"
  resolved "https://registry.yarnpkg.com/@next/swc-linux-arm64-gnu/-/swc-linux-arm64-gnu-13.0.6.tgz#5e2b6df4636576a00befb7bd414820a12161a9af"
  integrity sha512-e8KTRnleQY1KLk5PwGV5hrmvKksCc74QRpHl5ffWnEEAtL2FE0ave5aIkXqErsPdXkiKuA/owp3LjQrP+/AH7Q==

"@next/swc-linux-arm64-musl@13.0.6":
  version "13.0.6"
  resolved "https://registry.yarnpkg.com/@next/swc-linux-arm64-musl/-/swc-linux-arm64-musl-13.0.6.tgz#4a5e91a36cf140cad974df602d647e64b1b9473f"
  integrity sha512-/7RF03C3mhjYpHN+pqOolgME3guiHU5T3TsejuyteqyEyzdEyLHod+jcYH6ft7UZ71a6TdOewvmbLOtzHW2O8A==

"@next/swc-linux-x64-gnu@13.0.6":
  version "13.0.6"
  resolved "https://registry.yarnpkg.com/@next/swc-linux-x64-gnu/-/swc-linux-x64-gnu-13.0.6.tgz#accb8a721a99e704565b936f16e96fa0c67e8db1"
  integrity sha512-kxyEXnYHpOEkFnmrlwB1QlzJtjC6sAJytKcceIyFUHbCaD3W/Qb5tnclcnHKTaFccizZRePXvV25Ok/eUSpKTw==

"@next/swc-linux-x64-musl@13.0.6":
  version "13.0.6"
  resolved "https://registry.yarnpkg.com/@next/swc-linux-x64-musl/-/swc-linux-x64-musl-13.0.6.tgz#2affaa2f4f01bc190a539d895118a6ad1a477645"
  integrity sha512-N0c6gubS3WW1oYYgo02xzZnNatfVQP/CiJq2ax+DJ55ePV62IACbRCU99TZNXXg+Kos6vNW4k+/qgvkvpGDeyA==

"@next/swc-win32-arm64-msvc@13.0.6":
  version "13.0.6"
  resolved "https://registry.yarnpkg.com/@next/swc-win32-arm64-msvc/-/swc-win32-arm64-msvc-13.0.6.tgz#28e5c042772865efd05197a8d1db5920156997fc"
  integrity sha512-QjeMB2EBqBFPb/ac0CYr7GytbhUkrG4EwFWbcE0vsRp4H8grt25kYpFQckL4Jak3SUrp7vKfDwZ/SwO7QdO8vw==

"@next/swc-win32-ia32-msvc@13.0.6":
  version "13.0.6"
  resolved "https://registry.yarnpkg.com/@next/swc-win32-ia32-msvc/-/swc-win32-ia32-msvc-13.0.6.tgz#30d91a6d847fa8bce9f8a0f9d2b469d574270be5"
  integrity sha512-EQzXtdqRTcmhT/tCq81rIwE36Y3fNHPInaCuJzM/kftdXfa0F+64y7FAoMO13npX8EG1+SamXgp/emSusKrCXg==

"@next/swc-win32-x64-msvc@13.0.6":
  version "13.0.6"
  resolved "https://registry.yarnpkg.com/@next/swc-win32-x64-msvc/-/swc-win32-x64-msvc-13.0.6.tgz#dfa28ddb335c16233d22cf39ec8cdf723e6587a1"
  integrity sha512-pSkqZ//UP/f2sS9T7IvHLfEWDPTX0vRyXJnAUNisKvO3eF3e1xdhDX7dix/X3Z3lnN4UjSwOzclAI87JFbOwmQ==

"@swc/helpers@0.4.14":
  version "0.4.14"
  resolved "https://registry.yarnpkg.com/@swc/helpers/-/helpers-0.4.14.tgz#1352ac6d95e3617ccb7c1498ff019654f1e12a74"
  integrity sha512-4C7nX/dvpzB7za4Ql9K81xK3HPxCpHMgwTZVyf+9JQ6VUbn9jjZVN7/Nkdz/Ugzs2CSjqnL/UPXroiVBVHUWUw==
  dependencies:
    tslib "^2.4.0"

"@types/json-schema@^7.0.8":
  version "7.0.11"
  resolved "https://registry.yarnpkg.com/@types/json-schema/-/json-schema-7.0.11.tgz#d421b6c527a3037f7c84433fd2c4229e016863d3"
  integrity sha512-wOuvG1SN4Us4rez+tylwwwCV1psiNVOkJeM3AUWUNWg/jDQY2+HE/444y5gc+jBmRqASOm2Oeh5c1axHobwRKQ==

"@types/node@18.11.13":
  version "18.11.13"
  resolved "https://registry.yarnpkg.com/@types/node/-/node-18.11.13.tgz#dff34f226ec1ac0432ae3b136ec5552bd3b9c0fe"
  integrity sha512-IASpMGVcWpUsx5xBOrxMj7Bl8lqfuTY7FKAnPmu5cHkfQVWF8GulWS1jbRqA934qZL35xh5xN/+Xe/i26Bod4w==

"@types/prop-types@*":
  version "15.7.5"
  resolved "https://registry.yarnpkg.com/@types/prop-types/-/prop-types-15.7.5.tgz#5f19d2b85a98e9558036f6a3cacc8819420f05cf"
  integrity sha512-JCB8C6SnDoQf0cNycqd/35A7MjcnK+ZTqE7judS6o7utxUCg6imJg3QK2qzHKszlTjcj2cn+NwMB2i96ubpj7w==

"@types/react@18.0.26":
  version "18.0.26"
  resolved "https://registry.yarnpkg.com/@types/react/-/react-18.0.26.tgz#8ad59fc01fef8eaf5c74f4ea392621749f0b7917"
  integrity sha512-hCR3PJQsAIXyxhTNSiDFY//LhnMZWpNNr5etoCqx/iUfGc5gXWtQR2Phl908jVR6uPXacojQWTg4qRpkxTuGug==
  dependencies:
    "@types/prop-types" "*"
    "@types/scheduler" "*"
    csstype "^3.0.2"

"@types/scheduler@*":
  version "0.16.2"
  resolved "https://registry.yarnpkg.com/@types/scheduler/-/scheduler-0.16.2.tgz#1a62f89525723dde24ba1b01b092bf5df8ad4d39"
  integrity sha512-hppQEBDmlwhFAXKJX2KnWLYu5yMfi91yazPb2l+lbJiwW+wdo1gNeRA+3RgNSO39WYX2euey41KEwnqesU2Jew==

ajv-keywords@^3.5.2:
  version "3.5.2"
  resolved "https://registry.yarnpkg.com/ajv-keywords/-/ajv-keywords-3.5.2.tgz#31f29da5ab6e00d1c2d329acf7b5929614d5014d"
  integrity sha512-5p6WTN0DdTGVQk6VjcEju19IgaHudalcfabD7yhDGeA6bcQnmL+CpveLJq/3hvfwd1aof6L386Ougkx6RfyMIQ==

ajv@^6.12.5:
  version "6.12.6"
  resolved "https://registry.yarnpkg.com/ajv/-/ajv-6.12.6.tgz#baf5a62e802b07d977034586f8c3baf5adf26df4"
  integrity sha512-j3fVLgvTo527anyYyJOGTYJbG+vnnQYvE0m5mmkc1TK+nxAppkCLMIL0aZ4dblVCNoGShhm+kzE4ZUykBoMg4g==
  dependencies:
    fast-deep-equal "^3.1.1"
    fast-json-stable-stringify "^2.0.0"
    json-schema-traverse "^0.4.1"
    uri-js "^4.2.2"

anymatch@~3.1.2:
  version "3.1.3"
  resolved "https://registry.yarnpkg.com/anymatch/-/anymatch-3.1.3.tgz#790c58b19ba1720a84205b57c618d5ad8524973e"
  integrity sha512-KMReFUr0B4t+D+OBkjR3KYqvocp2XaSzO55UcB6mgQMd3KbcE+mWTyvVV7D/zsdEbNnV6acZUutkiHQXvTr1Rw==
  dependencies:
    normalize-path "^3.0.0"
    picomatch "^2.0.4"

big.js@^5.2.2:
  version "5.2.2"
  resolved "https://registry.yarnpkg.com/big.js/-/big.js-5.2.2.tgz#65f0af382f578bcdc742bd9c281e9cb2d7768328"
  integrity sha512-vyL2OymJxmarO8gxMr0mhChsO9QGwhynfuu4+MHTAW6czfq9humCB7rKpUjDd9YUiDPU4mzpyupFSvOClAwbmQ==

binary-extensions@^2.0.0:
  version "2.2.0"
  resolved "https://registry.yarnpkg.com/binary-extensions/-/binary-extensions-2.2.0.tgz#75f502eeaf9ffde42fc98829645be4ea76bd9e2d"
  integrity sha512-jDctJ/IVQbZoJykoeHbhXpOlNBqGNcwXJKJog42E5HDPUwQTSdjCHdihjj0DlnheQ7blbT6dHOafNAiS8ooQKA==

boolean@^3.1.4:
  version "3.2.0"
  resolved "https://registry.yarnpkg.com/boolean/-/boolean-3.2.0.tgz#9e5294af4e98314494cbb17979fa54ca159f116b"
  integrity sha512-d0II/GO9uf9lfUHH2BQsjxzRJZBdsjgsBiW4BvhWk/3qoKwQFjIDVN19PfX8F2D/r9PCMTtLWjYVCFrpeYUzsw==

braces@~3.0.2:
  version "3.0.2"
  resolved "https://registry.yarnpkg.com/braces/-/braces-3.0.2.tgz#3454e1a462ee8d599e236df336cd9ea4f8afe107"
  integrity sha512-b8um+L1RzM3WDSzvhm6gIz1yfTbBt6YTlcEKAvsmqCZZFw46z626lVj9j1yEPW33H5H+lBQpZMP1k8l+78Ha0A==
  dependencies:
    fill-range "^7.0.1"

caniuse-lite@^1.0.30001406:
  version "1.0.30001439"
  resolved "https://registry.yarnpkg.com/caniuse-lite/-/caniuse-lite-1.0.30001439.tgz#ab7371faeb4adff4b74dad1718a6fd122e45d9cb"
  integrity sha512-1MgUzEkoMO6gKfXflStpYgZDlFM7M/ck/bgfVCACO5vnAf0fXoNVHdWtqGU+MYca+4bL9Z5bpOVmR33cWW9G2A==

"chokidar@>=3.0.0 <4.0.0":
  version "3.5.3"
  resolved "https://registry.yarnpkg.com/chokidar/-/chokidar-3.5.3.tgz#1cf37c8707b932bd1af1ae22c0432e2acd1903bd"
  integrity sha512-Dr3sfKRP6oTcjf2JmUmFJfeVMvXBdegxB0iVQ5eb2V10uFJUCAS8OByZdVAyVb8xXNz3GjjTgj9kLWsZTqE6kw==
  dependencies:
    anymatch "~3.1.2"
    braces "~3.0.2"
    glob-parent "~5.1.2"
    is-binary-path "~2.1.0"
    is-glob "~4.0.1"
    normalize-path "~3.0.0"
    readdirp "~3.6.0"
  optionalDependencies:
    fsevents "~2.3.2"

classname@^0.0.0:
  version "0.0.0"
  resolved "https://registry.yarnpkg.com/classname/-/classname-0.0.0.tgz#43d171b484e354c7a293a5b78004df6852db20d6"
  integrity sha512-kkhsspEJdUW+VhuvNzb2sQf0KbafDPfd36dB1qf03Uu42dWZwMQzaQuyNkaRr5ir0ZiAN0+TlH/EOOfwb/aaXg==

client-only@0.0.1:
  version "0.0.1"
  resolved "https://registry.yarnpkg.com/client-only/-/client-only-0.0.1.tgz#38bba5d403c41ab150bff64a95c85013cf73bca1"
  integrity sha512-IV3Ou0jSMzZrd3pZ48nLkT9DA7Ag1pnPzaiQhpW7c3RbcqqzvzzVu+L8gfqMp/8IM2MQtSiqaCxrrcfu8I8rMA==

csstype@^3.0.2:
  version "3.1.1"
  resolved "https://registry.yarnpkg.com/csstype/-/csstype-3.1.1.tgz#841b532c45c758ee546a11d5bd7b7b473c8c30b9"
  integrity sha512-DJR/VvkAvSZW9bTouZue2sSxDwdTN92uHjqeKVm+0dAqdfNykRzQ95tay8aXMBAAPpUiq4Qcug2L7neoRh2Egw==

debug@^4.3.3:
  version "4.3.4"
  resolved "https://registry.yarnpkg.com/debug/-/debug-4.3.4.tgz#1319f6579357f2338d3337d2cdd4914bb5dcc865"
  integrity sha512-PRWFHuSU3eDtQJPvnNY7Jcket1j0t5OuOsFzPPzsekD52Zl8qUfFIPEiswXqIvHWGVHOgX+7G/vCNNhehwxfkQ==
  dependencies:
    ms "2.1.2"

emojis-list@^3.0.0:
  version "3.0.0"
  resolved "https://registry.yarnpkg.com/emojis-list/-/emojis-list-3.0.0.tgz#5570662046ad29e2e916e71aae260abdff4f6a78"
  integrity sha512-/kyM18EfinwXZbno9FyUGeFh87KC8HRQBQGildHZbEuRyWFOmv1U10o9BBp8XVZDVNNuQKyIGIu5ZYAAXJ0V2Q==

fast-deep-equal@^3.1.1:
  version "3.1.3"
  resolved "https://registry.yarnpkg.com/fast-deep-equal/-/fast-deep-equal-3.1.3.tgz#3a7d56b559d6cbc3eb512325244e619a65c6c525"
  integrity sha512-f3qQ9oQy9j2AhBe/H9VC91wLmKBCCU/gDOnKNAYG5hswO7BLKj09Hc5HYNz9cGI++xlpDCIgDaitVs03ATR84Q==

fast-json-stable-stringify@^2.0.0:
  version "2.1.0"
  resolved "https://registry.yarnpkg.com/fast-json-stable-stringify/-/fast-json-stable-stringify-2.1.0.tgz#874bf69c6f404c2b5d99c481341399fd55892633"
  integrity sha512-lhd/wF+Lk98HZoTCtlVraHtfh5XYijIjalXck7saUtuanSDyLMxnHhSXEDJqHxD7msR8D0uCmqlkwjCV8xvwHw==

fast-printf@^1.6.9:
  version "1.6.9"
  resolved "https://registry.yarnpkg.com/fast-printf/-/fast-printf-1.6.9.tgz#212f56570d2dc8ccdd057ee93d50dd414d07d676"
  integrity sha512-FChq8hbz65WMj4rstcQsFB0O7Cy++nmbNfLYnD9cYv2cRn8EG6k/MGn9kO/tjO66t09DLDugj3yL+V2o6Qftrg==
  dependencies:
    boolean "^3.1.4"

file-loader@^6.0.0:
  version "6.2.0"
  resolved "https://registry.yarnpkg.com/file-loader/-/file-loader-6.2.0.tgz#baef7cf8e1840df325e4390b4484879480eebe4d"
  integrity sha512-qo3glqyTa61Ytg4u73GultjHGjdRyig3tG6lPtyX/jOEJvHif9uB0/OCI2Kif6ctF3caQTW2G5gym21oAsI4pw==
  dependencies:
    loader-utils "^2.0.0"
    schema-utils "^3.0.0"

fill-range@^7.0.1:
  version "7.0.1"
  resolved "https://registry.yarnpkg.com/fill-range/-/fill-range-7.0.1.tgz#1919a6a7c75fe38b2c7c77e5198535da9acdda40"
  integrity sha512-qOo9F+dMUmC2Lcb4BbVvnKJxTPjCm+RRpe4gDuGrzkL7mEVl/djYSu2OdQ2Pa302N4oqkSg9ir6jaLWJ2USVpQ==
  dependencies:
    to-regex-range "^5.0.1"

framer-motion@^7.6.19:
  version "7.6.19"
  resolved "https://registry.yarnpkg.com/framer-motion/-/framer-motion-7.6.19.tgz#a24ea890881374f4184be5abb773ce8e4a0d3734"
  integrity sha512-U+ogwGwNw6Y+pdq6GZB5xvnvLDlq3FTmcKaG5MCUjXuqRLrjKbKTqN4iwZISv3ajwUfgNHM6+tu31LRbYfF9YQ==
  dependencies:
    "@motionone/dom" "10.13.1"
    framesync "6.1.2"
    hey-listen "^1.0.8"
    style-value-types "5.1.2"
    tslib "2.4.0"
  optionalDependencies:
    "@emotion/is-prop-valid" "^0.8.2"

framesync@6.1.2:
  version "6.1.2"
  resolved "https://registry.yarnpkg.com/framesync/-/framesync-6.1.2.tgz#755eff2fb5b8f3b4d2b266dd18121b300aefea27"
  integrity sha512-jBTqhX6KaQVDyus8muwZbBeGGP0XgujBRbQ7gM7BRdS3CadCZIHiawyzYLnafYcvZIh5j8WE7cxZKFn7dXhu9g==
  dependencies:
    tslib "2.4.0"

fsevents@~2.3.2:
  version "2.3.2"
  resolved "https://registry.yarnpkg.com/fsevents/-/fsevents-2.3.2.tgz#8a526f78b8fdf4623b709e0b975c52c24c02fd1a"
  integrity sha512-xiqMQR4xAeHTuB9uWm+fFRcIOgKBMiOBP+eXiyT7jsgVCq1bkVygt00oASowB7EdtpOHaaPgKt812P9ab+DDKA==

glob-parent@~5.1.2:
  version "5.1.2"
  resolved "https://registry.yarnpkg.com/glob-parent/-/glob-parent-5.1.2.tgz#869832c58034fe68a4093c17dc15e8340d8401c4"
  integrity sha512-AOIgSQCepiJYwP3ARnGx+5VnTu2HBYdzbGP45eLw1vr3zB3vZLeyed1sC9hnbcOc9/SrMyM5RPQrkGz4aS9Zow==
  dependencies:
    is-glob "^4.0.1"

hey-listen@^1.0.8:
  version "1.0.8"
  resolved "https://registry.yarnpkg.com/hey-listen/-/hey-listen-1.0.8.tgz#8e59561ff724908de1aa924ed6ecc84a56a9aa68"
  integrity sha512-COpmrF2NOg4TBWUJ5UVyaCU2A88wEMkUPK4hNqyCkqHbxT92BbvfjoSozkAIIm6XhicGlJHhFdullInrdhwU8Q==

i18n@^0.15.1:
  version "0.15.1"
  resolved "https://registry.yarnpkg.com/i18n/-/i18n-0.15.1.tgz#68fb8993c461cc440bc2485d82f72019f2b92de8"
  integrity sha512-yue187t8MqUPMHdKjiZGrX+L+xcUsDClGO0Cz4loaKUOK9WrGw5pgan4bv130utOwX7fHE9w2iUeHFalVQWkXA==
  dependencies:
    "@messageformat/core" "^3.0.0"
    debug "^4.3.3"
    fast-printf "^1.6.9"
    make-plural "^7.0.0"
    math-interval-parser "^2.0.1"
    mustache "^4.2.0"

immutable@^4.0.0:
  version "4.1.0"
  resolved "https://registry.yarnpkg.com/immutable/-/immutable-4.1.0.tgz#f795787f0db780183307b9eb2091fcac1f6fafef"
  integrity sha512-oNkuqVTA8jqG1Q6c+UglTOD1xhC1BtjKI7XkCXRkZHrN5m18/XsnUp8Q89GkQO/z+0WjonSvl0FLhDYftp46nQ==

is-binary-path@~2.1.0:
  version "2.1.0"
  resolved "https://registry.yarnpkg.com/is-binary-path/-/is-binary-path-2.1.0.tgz#ea1f7f3b80f064236e83470f86c09c254fb45b09"
  integrity sha512-ZMERYes6pDydyuGidse7OsHxtbI7WVeUEozgR/g7rd0xUimYNlvZRE/K2MgZTjWy725IfelLeVcEM97mmtRGXw==
  dependencies:
    binary-extensions "^2.0.0"

is-extglob@^2.1.1:
  version "2.1.1"
  resolved "https://registry.yarnpkg.com/is-extglob/-/is-extglob-2.1.1.tgz#a88c02535791f02ed37c76a1b9ea9773c833f8c2"
  integrity sha512-SbKbANkN603Vi4jEZv49LeVJMn4yGwsbzZworEoyEiutsN3nJYdbO36zfhGJ6QEDpOZIFkDtnq5JRxmvl3jsoQ==

is-glob@^4.0.1, is-glob@~4.0.1:
  version "4.0.3"
  resolved "https://registry.yarnpkg.com/is-glob/-/is-glob-4.0.3.tgz#64f61e42cbbb2eec2071a9dac0b28ba1e65d5084"
  integrity sha512-xelSayHH36ZgE7ZWhli7pW34hNbNl8Ojv5KVmkJD4hBdD3th8Tfk9vYasLM+mXWOZhFkgZfxhLSnrwRr4elSSg==
  dependencies:
    is-extglob "^2.1.1"

is-number@^7.0.0:
  version "7.0.0"
  resolved "https://registry.yarnpkg.com/is-number/-/is-number-7.0.0.tgz#7535345b896734d5f80c4d06c50955527a14f12b"
  integrity sha512-41Cifkg6e8TylSpdtTpeLVMqvSBEVzTttHvERD741+pnZ8ANv0004MRL43QKPDlK9cGvNp6NZWZUBlbGXYxxng==

"js-tokens@^3.0.0 || ^4.0.0":
  version "4.0.0"
  resolved "https://registry.yarnpkg.com/js-tokens/-/js-tokens-4.0.0.tgz#19203fb59991df98e3a287050d4647cdeaf32499"
  integrity sha512-RdJUflcE3cUzKiMqQgsCu06FPu9UdIJO0beYbPhHN4k6apgJtifcoCtT9bcxOpYBtpD2kCM6Sbzg4CausW/PKQ==

json-schema-traverse@^0.4.1:
  version "0.4.1"
  resolved "https://registry.yarnpkg.com/json-schema-traverse/-/json-schema-traverse-0.4.1.tgz#69f6a87d9513ab8bb8fe63bdb0979c448e684660"
  integrity sha512-xbbCH5dCYU5T8LcEhhuh7HJ88HXuW3qsI3Y0zOZFKfZEHcpWiHU/Jxzk629Brsab/mMiHQti9wMP+845RPe3Vg==

json5@^2.1.2:
  version "2.2.1"
  resolved "https://registry.yarnpkg.com/json5/-/json5-2.2.1.tgz#655d50ed1e6f95ad1a3caababd2b0efda10b395c"
  integrity sha512-1hqLFMSrGHRHxav9q9gNjJ5EXznIxGVO09xQRrwplcS8qs28pZ8s8hupZAmqDwZUmVZ2Qb2jnyPOWcDH8m8dlA==

loader-utils@^2.0.0:
  version "2.0.4"
  resolved "https://registry.yarnpkg.com/loader-utils/-/loader-utils-2.0.4.tgz#8b5cb38b5c34a9a018ee1fc0e6a066d1dfcc528c"
  integrity sha512-xXqpXoINfFhgua9xiqD8fPFHgkoq1mmmpE92WlDbm9rNRd/EbRb+Gqf908T2DMfuHjjJlksiK2RbHVOdD/MqSw==
  dependencies:
    big.js "^5.2.2"
    emojis-list "^3.0.0"
    json5 "^2.1.2"

loose-envify@^1.1.0:
  version "1.4.0"
  resolved "https://registry.yarnpkg.com/loose-envify/-/loose-envify-1.4.0.tgz#71ee51fa7be4caec1a63839f7e682d8132d30caf"
  integrity sha512-lyuxPGr/Wfhrlem2CL/UcnUc1zcqKAImBDzukY7Y5F/yQiNdko6+fRLevlw1HgMySw7f611UIY408EtxRSoK3Q==
  dependencies:
    js-tokens "^3.0.0 || ^4.0.0"

make-plural@^7.0.0:
  version "7.2.0"
  resolved "https://registry.yarnpkg.com/make-plural/-/make-plural-7.2.0.tgz#93174b1419672a48a2340db6c1d3fb217530c684"
  integrity sha512-WkdI+iaWaBCFM2wUXwos8Z7spg5Dt64Xe/VI6NpRaly21cDtD76N6S97K//UtzV0dHOiXX+E90TnszdXHG0aMg==

math-interval-parser@^2.0.1:
  version "2.0.1"
  resolved "https://registry.yarnpkg.com/math-interval-parser/-/math-interval-parser-2.0.1.tgz#e22cd6d15a0a7f4c03aec560db76513da615bed4"
  integrity sha512-VmlAmb0UJwlvMyx8iPhXUDnVW1F9IrGEd9CIOmv+XL8AErCUUuozoDMrgImvnYt2A+53qVX/tPW6YJurMKYsvA==

mime-db@1.52.0:
  version "1.52.0"
  resolved "https://registry.yarnpkg.com/mime-db/-/mime-db-1.52.0.tgz#bbabcdc02859f4987301c856e3387ce5ec43bf70"
  integrity sha512-sPU4uV7dYlvtWJxwwxHD0PuihVNiE7TyAbQ5SWxDCB9mUYvOgroQOwYQQOKPJ8CIbE+1ETVlOoK1UC2nU3gYvg==

mime-types@^2.1.27:
  version "2.1.35"
  resolved "https://registry.yarnpkg.com/mime-types/-/mime-types-2.1.35.tgz#381a871b62a734450660ae3deee44813f70d959a"
  integrity sha512-ZDY+bPm5zTTF+YpCrAU9nK0UgICYPT0QtT1NZWFv4s++TNkcgVaT0g6+4R2uI4MjQjzysHB1zxuWL50hzaeXiw==
  dependencies:
    mime-db "1.52.0"

moo@^0.5.1:
  version "0.5.2"
  resolved "https://registry.yarnpkg.com/moo/-/moo-0.5.2.tgz#f9fe82473bc7c184b0d32e2215d3f6e67278733c"
  integrity sha512-iSAJLHYKnX41mKcJKjqvnAN9sf0LMDTXDEvFv+ffuRR9a1MIuXLjMNL6EsnDHSkKLTWNqQQ5uo61P4EbU4NU+Q==

ms@2.1.2:
  version "2.1.2"
  resolved "https://registry.yarnpkg.com/ms/-/ms-2.1.2.tgz#d09d1f357b443f493382a8eb3ccd183872ae6009"
  integrity sha512-sGkPx+VjMtmA6MX27oA4FBFELFCZZ4S4XqeGOXCv68tT+jb3vk/RyaKWP0PTKyWtmLSM0b+adUTEvbs1PEaH2w==

mustache@^4.2.0:
  version "4.2.0"
  resolved "https://registry.yarnpkg.com/mustache/-/mustache-4.2.0.tgz#e5892324d60a12ec9c2a73359edca52972bf6f64"
  integrity sha512-71ippSywq5Yb7/tVYyGbkBggbU8H3u5Rz56fH60jGFgr8uHwxs+aSKeqmluIVzM0m0kB7xQjKS6qPfd0b2ZoqQ==

nanoid@^3.3.4:
  version "3.3.4"
  resolved "https://registry.yarnpkg.com/nanoid/-/nanoid-3.3.4.tgz#730b67e3cd09e2deacf03c027c81c9d9dbc5e8ab"
  integrity sha512-MqBkQh/OHTS2egovRtLk45wEyNXwF+cokD+1YPf9u5VfJiRdAiRwB2froX5Co9Rh20xs4siNPm8naNotSD6RBw==

next-fonts@^1.5.1:
  version "1.5.1"
  resolved "https://registry.yarnpkg.com/next-fonts/-/next-fonts-1.5.1.tgz#21f398ca6931b85a7f9c4597f1d3b851be5b5a16"
  integrity sha512-pgEJ40xO1oRhM6RqhQJ9CzuZOFp6Zq+aAD/V1P9sq/wdepvLzhFxDm3lCZNoE7+78NSuMKgT6b1qeXSsqWuUMQ==
  dependencies:
    file-loader "^6.0.0"
    url-loader "^4.0.0"

next-google-fonts@^2.2.0:
  version "2.2.0"
  resolved "https://registry.yarnpkg.com/next-google-fonts/-/next-google-fonts-2.2.0.tgz#b7ef8d1ba880a81ddf4303c4615b51a17e16ee6f"
  integrity sha512-TCtNp+uu0vof2X8Xfptfw96Unc3zsUekBY2l4g2mGAX+U8QO/yfAaEioGhFCwU05M8NbMgwP5C8V40Vtwp87iQ==

next@13.0.6:
  version "13.0.6"
  resolved "https://registry.yarnpkg.com/next/-/next-13.0.6.tgz#f9a2e9e2df9ad60e1b6b716488c9ad501a383621"
  integrity sha512-COvigvms2LRt1rrzfBQcMQ2GZd86Mvk1z+LOLY5pniFtL4VrTmhZ9salrbKfSiXbhsD01TrDdD68ec3ABDyscA==
  dependencies:
    "@next/env" "13.0.6"
    "@swc/helpers" "0.4.14"
    caniuse-lite "^1.0.30001406"
    postcss "8.4.14"
    styled-jsx "5.1.0"
  optionalDependencies:
    "@next/swc-android-arm-eabi" "13.0.6"
    "@next/swc-android-arm64" "13.0.6"
    "@next/swc-darwin-arm64" "13.0.6"
    "@next/swc-darwin-x64" "13.0.6"
    "@next/swc-freebsd-x64" "13.0.6"
    "@next/swc-linux-arm-gnueabihf" "13.0.6"
    "@next/swc-linux-arm64-gnu" "13.0.6"
    "@next/swc-linux-arm64-musl" "13.0.6"
    "@next/swc-linux-x64-gnu" "13.0.6"
    "@next/swc-linux-x64-musl" "13.0.6"
    "@next/swc-win32-arm64-msvc" "13.0.6"
    "@next/swc-win32-ia32-msvc" "13.0.6"
    "@next/swc-win32-x64-msvc" "13.0.6"

normalize-path@^3.0.0, normalize-path@~3.0.0:
  version "3.0.0"
  resolved "https://registry.yarnpkg.com/normalize-path/-/normalize-path-3.0.0.tgz#0dcd69ff23a1c9b11fd0978316644a0388216a65"
  integrity sha512-6eZs5Ls3WtCisHWp9S2GUy8dqkpGi4BVSz3GaqiE6ezub0512ESztXUwUB6C6IKbQkY2Pnb/mD4WYojCRwcwLA==

picocolors@^1.0.0:
  version "1.0.0"
  resolved "https://registry.yarnpkg.com/picocolors/-/picocolors-1.0.0.tgz#cb5bdc74ff3f51892236eaf79d68bc44564ab81c"
  integrity sha512-1fygroTLlHu66zi26VoTDv8yRgm0Fccecssto+MhsZ0D/DGW2sm8E8AjW7NU5VVTRt5GxbeZ5qBuJr+HyLYkjQ==

picomatch@^2.0.4, picomatch@^2.2.1:
  version "2.3.1"
  resolved "https://registry.yarnpkg.com/picomatch/-/picomatch-2.3.1.tgz#3ba3833733646d9d3e4995946c1365a67fb07a42"
  integrity sha512-JU3teHTNjmE2VCGFzuY8EXzCDVwEqB2a8fsIvwaStHhAWJEeVd1o1QD80CU6+ZdEXXSLbSsuLwJjkCBWqRQUVA==

postcss@8.4.14:
  version "8.4.14"
  resolved "https://registry.yarnpkg.com/postcss/-/postcss-8.4.14.tgz#ee9274d5622b4858c1007a74d76e42e56fd21caf"
  integrity sha512-E398TUmfAYFPBSdzgeieK2Y1+1cpdxJx8yXbK/m57nRhKSmk1GB2tO4lbLBtlkfPQTDKfe4Xqv1ASWPpayPEig==
  dependencies:
    nanoid "^3.3.4"
    picocolors "^1.0.0"
    source-map-js "^1.0.2"

punycode@^2.1.0:
  version "2.1.1"
  resolved "https://registry.yarnpkg.com/punycode/-/punycode-2.1.1.tgz#b58b010ac40c22c5657616c8d2c2c02c7bf479ec"
  integrity sha512-XRsRjdf+j5ml+y/6GKHPZbrF/8p2Yga0JPtdqTIY2Xe5ohJPD9saDJJLPvp9+NSBprVvevdXZybnj2cv8OEd0A==

react-dom@18.2.0:
  version "18.2.0"
  resolved "https://registry.yarnpkg.com/react-dom/-/react-dom-18.2.0.tgz#22aaf38708db2674ed9ada224ca4aa708d821e3d"
  integrity sha512-6IMTriUmvsjHUjNtEDudZfuDQUoWXVxKHhlEGSk81n4YFS+r/Kl99wXiwlVXtPBtJenozv2P+hxDsw9eA7Xo6g==
  dependencies:
    loose-envify "^1.1.0"
    scheduler "^0.23.0"

react@18.2.0:
  version "18.2.0"
  resolved "https://registry.yarnpkg.com/react/-/react-18.2.0.tgz#555bd98592883255fa00de14f1151a917b5d77d5"
  integrity sha512-/3IjMdb2L9QbBdWiW5e3P2/npwMBaU9mHCSCUzNln0ZCYbcfTsGbTJrU/kGemdH2IWmB2ioZ+zkxtmq6g09fGQ==
  dependencies:
    loose-envify "^1.1.0"

readdirp@~3.6.0:
  version "3.6.0"
  resolved "https://registry.yarnpkg.com/readdirp/-/readdirp-3.6.0.tgz#74a370bd857116e245b29cc97340cd431a02a6c7"
  integrity sha512-hOS089on8RduqdbhvQ5Z37A0ESjsqz6qnRcffsMU3495FuTdqSm+7bhJ29JvIOsBDEEnan5DPu9t3To9VRlMzA==
  dependencies:
    picomatch "^2.2.1"

safe-identifier@^0.4.1:
  version "0.4.2"
  resolved "https://registry.yarnpkg.com/safe-identifier/-/safe-identifier-0.4.2.tgz#cf6bfca31c2897c588092d1750d30ef501d59fcb"
  integrity sha512-6pNbSMW6OhAi9j+N8V+U715yBQsaWJ7eyEUaOrawX+isg5ZxhUlV1NipNtgaKHmFGiABwt+ZF04Ii+3Xjkg+8w==

sass@^1.56.2:
  version "1.56.2"
  resolved "https://registry.yarnpkg.com/sass/-/sass-1.56.2.tgz#9433b345ab3872996c82a53a58c014fd244fd095"
  integrity sha512-ciEJhnyCRwzlBCB+h5cCPM6ie/6f8HrhZMQOf5vlU60Y1bI1rx5Zb0vlDZvaycHsg/MqFfF1Eq2eokAa32iw8w==
  dependencies:
    chokidar ">=3.0.0 <4.0.0"
    immutable "^4.0.0"
    source-map-js ">=0.6.2 <2.0.0"

scheduler@^0.23.0:
  version "0.23.0"
  resolved "https://registry.yarnpkg.com/scheduler/-/scheduler-0.23.0.tgz#ba8041afc3d30eb206a487b6b384002e4e61fdfe"
  integrity sha512-CtuThmgHNg7zIZWAXi3AsyIzA3n4xx7aNyjwC2VJldO2LMVDhFK+63xGqq6CsJH4rTAt6/M+N4GhZiDYPx9eUw==
  dependencies:
    loose-envify "^1.1.0"

schema-utils@^3.0.0:
  version "3.1.1"
  resolved "https://registry.yarnpkg.com/schema-utils/-/schema-utils-3.1.1.tgz#bc74c4b6b6995c1d88f76a8b77bea7219e0c8281"
  integrity sha512-Y5PQxS4ITlC+EahLuXaY86TXfR7Dc5lw294alXOq86JAHCihAIZfqv8nNCWvaEJvaC51uN9hbLGeV0cFBdH+Fw==
  dependencies:
    "@types/json-schema" "^7.0.8"
    ajv "^6.12.5"
    ajv-keywords "^3.5.2"

"source-map-js@>=0.6.2 <2.0.0", source-map-js@^1.0.2:
  version "1.0.2"
  resolved "https://registry.yarnpkg.com/source-map-js/-/source-map-js-1.0.2.tgz#adbc361d9c62df380125e7f161f71c826f1e490c"
  integrity sha512-R0XvVJ9WusLiqTCEiGCmICCMplcCkIwwR11mOSD9CR5u+IXYdiseeEuXCVAjS54zqwkLcPNnmU4OeJ6tUrWhDw==

style-value-types@5.1.2:
  version "5.1.2"
  resolved "https://registry.yarnpkg.com/style-value-types/-/style-value-types-5.1.2.tgz#6be66b237bd546048a764883528072ed95713b62"
  integrity sha512-Vs9fNreYF9j6W2VvuDTP7kepALi7sk0xtk2Tu8Yxi9UoajJdEVpNpCov0HsLTqXvNGKX+Uv09pkozVITi1jf3Q==
  dependencies:
    hey-listen "^1.0.8"
    tslib "2.4.0"

styled-jsx@5.1.0:
  version "5.1.0"
  resolved "https://registry.yarnpkg.com/styled-jsx/-/styled-jsx-5.1.0.tgz#4a5622ab9714bd3fcfaeec292aa555871f057563"
  integrity sha512-/iHaRJt9U7T+5tp6TRelLnqBqiaIT0HsO0+vgyj8hK2KUk7aejFqRrumqPUlAqDwAj8IbS/1hk3IhBAAK/FCUQ==
  dependencies:
    client-only "0.0.1"

to-regex-range@^5.0.1:
  version "5.0.1"
  resolved "https://registry.yarnpkg.com/to-regex-range/-/to-regex-range-5.0.1.tgz#1648c44aae7c8d988a326018ed72f5b4dd0392e4"
  integrity sha512-65P7iz6X5yEr1cwcgvQxbbIw7Uk3gOy5dIdtZ4rDveLqhrdJP+Li/Hx6tyK0NEb+2GCyneCMJiGqrADCSNk8sQ==
  dependencies:
    is-number "^7.0.0"

tslib@2.4.0:
  version "2.4.0"
  resolved "https://registry.yarnpkg.com/tslib/-/tslib-2.4.0.tgz#7cecaa7f073ce680a05847aa77be941098f36dc3"
  integrity sha512-d6xOpEDfsi2CZVlPQzGeux8XMwLT9hssAsaPYExaQMuYskwb+x1x7J371tWlbBdWHroy99KnVB6qIkUbs5X3UQ==

tslib@^2.3.1, tslib@^2.4.0:
  version "2.4.1"
  resolved "https://registry.yarnpkg.com/tslib/-/tslib-2.4.1.tgz#0d0bfbaac2880b91e22df0768e55be9753a5b17e"
  integrity sha512-tGyy4dAjRIEwI7BzsB0lynWgOpfqjUdq91XXAlIWD2OwKBH7oCl/GZG/HT4BOHrTlPMOASlMQ7veyTqpmRcrNA==

typescript@4.9.4:
  version "4.9.4"
  resolved "https://registry.yarnpkg.com/typescript/-/typescript-4.9.4.tgz#a2a3d2756c079abda241d75f149df9d561091e78"
  integrity sha512-Uz+dTXYzxXXbsFpM86Wh3dKCxrQqUcVMxwU54orwlJjOpO3ao8L7j5lH+dWfTwgCwIuM9GQ2kvVotzYJMXTBZg==

uri-js@^4.2.2:
  version "4.4.1"
  resolved "https://registry.yarnpkg.com/uri-js/-/uri-js-4.4.1.tgz#9b1a52595225859e55f669d928f88c6c57f2a77e"
  integrity sha512-7rKUyy33Q1yc98pQ1DAmLtwX109F7TIfWlW1Ydo8Wl1ii1SeHieeh0HHfPeL2fMXK6z0s8ecKs9frCuLJvndBg==
  dependencies:
    punycode "^2.1.0"

url-loader@^4.0.0:
  version "4.1.1"
  resolved "https://registry.yarnpkg.com/url-loader/-/url-loader-4.1.1.tgz#28505e905cae158cf07c92ca622d7f237e70a4e2"
  integrity sha512-3BTV812+AVHHOJQO8O5MkWgZ5aosP7GnROJwvzLS9hWDj00lZ6Z0wNak423Lp9PBZN05N+Jk/N5Si8jRAlGyWA==
  dependencies:
    loader-utils "^2.0.0"
    mime-types "^2.1.27"
    schema-utils "^3.0.0"

vanta@^0.5.24:
  version "0.5.24"
  resolved "https://registry.yarnpkg.com/vanta/-/vanta-0.5.24.tgz#46ec96b0b88cdcc57b7cee383e1d5f74bd3d4fb3"
  integrity sha512-fvieEbHy1ZS23zrcX+topzqAgA4Uct1enngOEWLFBgs9TtOf6RDFOYatH7KSVdrABzQDMCQ5myQy+nTSZZwLzg==
